
Microsoft Visual Studio Solution File, Format Version 12.00
# Visual Studio Version 16
VisualStudioVersion = 16.0.31321.278
MinimumVisualStudioVersion = 10.0.40219.1
Project("{FAE04EC0-301F-11D3-BF4B-00C04F79EFBC}") = "MyFirstConsoleApp", "MyFirstConsoleApp\MyFirstConsoleApp.csproj", "{8F83F83F-BBA1-48EC-923D-DF5B119E10B6}"
EndProject
Global
	GlobalSection(SolutionConfigurationPlatforms) = preSolution
		Debug|Any CPU = Debug|Any CPU
		Release|Any CPU = Release|Any CPU
	EndGlobalSection
	GlobalSection(ProjectConfigurationPlatforms) = postSolution
		{8F83F83F-BBA1-48EC-923D-DF5B119E10B6}.Debug|Any CPU.ActiveCfg = Debug|Any CPU
		{8F83F83F-BBA1-48EC-923D-DF5B119E10B6}.Debug|Any CPU.Build.0 = Debug|Any CPU
		{8F83F83F-BBA1-48EC-923D-DF5B119E10B6}.Release|Any CPU.ActiveCfg = Release|Any CPU
		{8F83F83F-BBA1-48EC-923D-DF5B119E10B6}.Release|Any CPU.Build.0 = Release|Any CPU
	EndGlobalSection
	GlobalSection(SolutionProperties) = preSolution
		HideSolutionNode = FALSE
	EndGlobalSection
	GlobalSection(ExtensibilityGlobals) = postSolution
		SolutionGuid = {4CCDEB6A-84D3-4702-8773-CC39B47444D9}
	EndGlobalSection
EndGlobal
